# This file is @generated by PDM.
# It is not intended for manual editing.

[metadata]
groups = ["default"]
strategy = ["cross_platform", "inherit_metadata"]
lock_version = "4.4.1"
content_hash = "sha256:94bcdda209a6cd3f9190a4145700645423f8dca2459d958135665e8f79d94b30"

[[package]]
name = "dep"
version = "0.1.0"
requires_python = ">=3.11"
path = "/home/mkhl/src/sandbox/pdm-nested-local/lib/../dep"
summary = "Default template for PDM package"
groups = ["default"]

[[package]]
name = "lib"
version = "0.1.0"
requires_python = ">=3.11"
path = "../lib"
summary = "Default template for PDM package"
groups = ["default"]
dependencies = [
    "dep @ file:///home/mkhl/src/sandbox/pdm-nested-local/lib/../dep",
]
