# This file is @generated by PDM.
# It is not intended for manual editing.

[metadata]
groups = ["default"]
strategy = ["cross_platform", "inherit_metadata"]
lock_version = "4.4.1"
content_hash = "sha256:1311f6400d32e19ca17107187c21b3ca46e2caebca20d128f84330ff6298f578"

[[package]]
name = "dep"
version = "0.1.0"
requires_python = ">=3.11"
path = "../dep"
summary = "Default template for PDM package"
groups = ["default"]
